// !$*UTF8*$!
{
	archiveVersion = 1;
	classes = {
	};
	objectVersion = 46;
	objects = {

/* Begin PBXBuildFile section */
		193101C01ECD2FA700434865 /* NewExbVC.swift in Sources */ = {isa = PBXBuildFile; fileRef = 193101BF1ECD2FA700434865 /* NewExbVC.swift */; };
		193101C21ECD38E900434865 /* AddNewArtworkVC.swift in Sources */ = {isa = PBXBuildFile; fileRef = 193101C11ECD38E900434865 /* AddNewArtworkVC.swift */; };
		193101C41ECD392200434865 /* AddNewArtistProfileVC.swift in Sources */ = {isa = PBXBuildFile; fileRef = 193101C31ECD392200434865 /* AddNewArtistProfileVC.swift */; };
		193101C61ECD398D00434865 /* ConfigureGallerySpaceVC.swift in Sources */ = {isa = PBXBuildFile; fileRef = 193101C51ECD398D00434865 /* ConfigureGallerySpaceVC.swift */; };
		193101CB1ECD4EB500434865 /* Exhibitions.xcdatamodeld in Sources */ = {isa = PBXBuildFile; fileRef = 193101C91ECD4EB500434865 /* Exhibitions.xcdatamodeld */; };
		193101F01ECDB88100434865 /* Utils.swift in Sources */ = {isa = PBXBuildFile; fileRef = 193101EF1ECDB88100434865 /* Utils.swift */; };
		193101F41ECDCD3900434865 /* Exhibition.swift in Sources */ = {isa = PBXBuildFile; fileRef = 193101F31ECDCD3900434865 /* Exhibition.swift */; };
		193101F61ECE7C8500434865 /* savedExhibitionsTVC.swift in Sources */ = {isa = PBXBuildFile; fileRef = 193101F51ECE7C8500434865 /* savedExhibitionsTVC.swift */; };
		193101F81ECE809900434865 /* Artist.swift in Sources */ = {isa = PBXBuildFile; fileRef = 193101F71ECE809900434865 /* Artist.swift */; };
		193101FA1ECE80D800434865 /* Artwork.swift in Sources */ = {isa = PBXBuildFile; fileRef = 193101F91ECE80D800434865 /* Artwork.swift */; };
		193101FC1ECE810000434865 /* ExhibitionArtists.swift in Sources */ = {isa = PBXBuildFile; fileRef = 193101FB1ECE810000434865 /* ExhibitionArtists.swift */; };
		193101FE1ECE812F00434865 /* ExhibitionArtworks.swift in Sources */ = {isa = PBXBuildFile; fileRef = 193101FD1ECE812F00434865 /* ExhibitionArtworks.swift */; };
		193102001ECF58F100434865 /* ViewExhibitionVC.swift in Sources */ = {isa = PBXBuildFile; fileRef = 193101FF1ECF58F100434865 /* ViewExhibitionVC.swift */; };
		193102021ED0513E00434865 /* artworksTVC.swift in Sources */ = {isa = PBXBuildFile; fileRef = 193102011ED0513E00434865 /* artworksTVC.swift */; };
		197952B61EB16C37008CD8D0 /* AppDelegate.swift in Sources */ = {isa = PBXBuildFile; fileRef = 197952B51EB16C37008CD8D0 /* AppDelegate.swift */; };
		197952B81EB16C37008CD8D0 /* ViewController.swift in Sources */ = {isa = PBXBuildFile; fileRef = 197952B71EB16C37008CD8D0 /* ViewController.swift */; };
		197952BB1EB16C37008CD8D0 /* Main.storyboard in Resources */ = {isa = PBXBuildFile; fileRef = 197952B91EB16C37008CD8D0 /* Main.storyboard */; };
		197952BD1EB16C37008CD8D0 /* Assets.xcassets in Resources */ = {isa = PBXBuildFile; fileRef = 197952BC1EB16C37008CD8D0 /* Assets.xcassets */; };
		197952C01EB16C37008CD8D0 /* LaunchScreen.storyboard in Resources */ = {isa = PBXBuildFile; fileRef = 197952BE1EB16C37008CD8D0 /* LaunchScreen.storyboard */; };
/* End PBXBuildFile section */

/* Begin PBXFileReference section */
		193101BF1ECD2FA700434865 /* NewExbVC.swift */ = {isa = PBXFileReference; fileEncoding = 4; lastKnownFileType = sourcecode.swift; path = NewExbVC.swift; sourceTree = "<group>"; };
		193101C11ECD38E900434865 /* AddNewArtworkVC.swift */ = {isa = PBXFileReference; fileEncoding = 4; lastKnownFileType = sourcecode.swift; path = AddNewArtworkVC.swift; sourceTree = "<group>"; };
		193101C31ECD392200434865 /* AddNewArtistProfileVC.swift */ = {isa = PBXFileReference; fileEncoding = 4; lastKnownFileType = sourcecode.swift; path = AddNewArtistProfileVC.swift; sourceTree = "<group>"; };
		193101C51ECD398D00434865 /* ConfigureGallerySpaceVC.swift */ = {isa = PBXFileReference; fileEncoding = 4; lastKnownFileType = sourcecode.swift; path = ConfigureGallerySpaceVC.swift; sourceTree = "<group>"; };
		193101CA1ECD4EB500434865 /* Exhibitions.xcdatamodel */ = {isa = PBXFileReference; lastKnownFileType = wrapper.xcdatamodel; path = Exhibitions.xcdatamodel; sourceTree = "<group>"; };
		193101EF1ECDB88100434865 /* Utils.swift */ = {isa = PBXFileReference; fileEncoding = 4; lastKnownFileType = sourcecode.swift; path = Utils.swift; sourceTree = "<group>"; };
		193101F31ECDCD3900434865 /* Exhibition.swift */ = {isa = PBXFileReference; fileEncoding = 4; lastKnownFileType = sourcecode.swift; path = Exhibition.swift; sourceTree = "<group>"; };
		193101F51ECE7C8500434865 /* savedExhibitionsTVC.swift */ = {isa = PBXFileReference; fileEncoding = 4; lastKnownFileType = sourcecode.swift; path = savedExhibitionsTVC.swift; sourceTree = "<group>"; };
		193101F71ECE809900434865 /* Artist.swift */ = {isa = PBXFileReference; fileEncoding = 4; lastKnownFileType = sourcecode.swift; path = Artist.swift; sourceTree = "<group>"; };
		193101F91ECE80D800434865 /* Artwork.swift */ = {isa = PBXFileReference; fileEncoding = 4; lastKnownFileType = sourcecode.swift; path = Artwork.swift; sourceTree = "<group>"; };
		193101FB1ECE810000434865 /* ExhibitionArtists.swift */ = {isa = PBXFileReference; fileEncoding = 4; lastKnownFileType = sourcecode.swift; path = ExhibitionArtists.swift; sourceTree = "<group>"; };
		193101FD1ECE812F00434865 /* ExhibitionArtworks.swift */ = {isa = PBXFileReference; fileEncoding = 4; lastKnownFileType = sourcecode.swift; path = ExhibitionArtworks.swift; sourceTree = "<group>"; };
		193101FF1ECF58F100434865 /* ViewExhibitionVC.swift */ = {isa = PBXFileReference; fileEncoding = 4; lastKnownFileType = sourcecode.swift; path = ViewExhibitionVC.swift; sourceTree = "<group>"; };
		193102011ED0513E00434865 /* artworksTVC.swift */ = {isa = PBXFileReference; fileEncoding = 4; lastKnownFileType = sourcecode.swift; path = artworksTVC.swift; sourceTree = "<group>"; };
		197952B21EB16C37008CD8D0 /* assignment2.app */ = {isa = PBXFileReference; explicitFileType = wrapper.application; includeInIndex = 0; path = assignment2.app; sourceTree = BUILT_PRODUCTS_DIR; };
		197952B51EB16C37008CD8D0 /* AppDelegate.swift */ = {isa = PBXFileReference; lastKnownFileType = sourcecode.swift; path = AppDelegate.swift; sourceTree = "<group>"; };
		197952B71EB16C37008CD8D0 /* ViewController.swift */ = {isa = PBXFileReference; lastKnownFileType = sourcecode.swift; path = ViewController.swift; sourceTree = "<group>"; };
		197952BA1EB16C37008CD8D0 /* Base */ = {isa = PBXFileReference; lastKnownFileType = file.storyboard; name = Base; path = Base.lproj/Main.storyboard; sourceTree = "<group>"; };
		197952BC1EB16C37008CD8D0 /* Assets.xcassets */ = {isa = PBXFileReference; lastKnownFileType = folder.assetcatalog; path = Assets.xcassets; sourceTree = "<group>"; };
		197952BF1EB16C37008CD8D0 /* Base */ = {isa = PBXFileReference; lastKnownFileType = file.storyboard; name = Base; path = Base.lproj/LaunchScreen.storyboard; sourceTree = "<group>"; };
		197952C11EB16C37008CD8D0 /* Info.plist */ = {isa = PBXFileReference; lastKnownFileType = text.plist.xml; path = Info.plist; sourceTree = "<group>"; };
/* End PBXFileReference section */

/* Begin PBXFrameworksBuildPhase section */
		197952AF1EB16C37008CD8D0 /* Frameworks */ = {
			isa = PBXFrameworksBuildPhase;
			buildActionMask = 2147483647;
			files = (
			);
			runOnlyForDeploymentPostprocessing = 0;
		};
/* End PBXFrameworksBuildPhase section */

/* Begin PBXGroup section */
		197952A91EB16C37008CD8D0 = {
			isa = PBXGroup;
			children = (
				197952B41EB16C37008CD8D0 /* assignment2 */,
				197952B31EB16C37008CD8D0 /* Products */,
			);
			sourceTree = "<group>";
		};
		197952B31EB16C37008CD8D0 /* Products */ = {
			isa = PBXGroup;
			children = (
				197952B21EB16C37008CD8D0 /* assignment2.app */,
			);
			name = Products;
			sourceTree = "<group>";
		};
		197952B41EB16C37008CD8D0 /* assignment2 */ = {
			isa = PBXGroup;
			children = (
				197952B51EB16C37008CD8D0 /* AppDelegate.swift */,
				193101EF1ECDB88100434865 /* Utils.swift */,
				193101C91ECD4EB500434865 /* Exhibitions.xcdatamodeld */,
				197952B71EB16C37008CD8D0 /* ViewController.swift */,
				193101FF1ECF58F100434865 /* ViewExhibitionVC.swift */,
				193101F51ECE7C8500434865 /* savedExhibitionsTVC.swift */,
				193102011ED0513E00434865 /* artworksTVC.swift */,
				193101BF1ECD2FA700434865 /* NewExbVC.swift */,
				193101C11ECD38E900434865 /* AddNewArtworkVC.swift */,
				197952B91EB16C37008CD8D0 /* Main.storyboard */,
				197952BC1EB16C37008CD8D0 /* Assets.xcassets */,
				193101C31ECD392200434865 /* AddNewArtistProfileVC.swift */,
				193101C51ECD398D00434865 /* ConfigureGallerySpaceVC.swift */,
				197952BE1EB16C37008CD8D0 /* LaunchScreen.storyboard */,
				193101F31ECDCD3900434865 /* Exhibition.swift */,
				193101F71ECE809900434865 /* Artist.swift */,
				193101F91ECE80D800434865 /* Artwork.swift */,
				193101FB1ECE810000434865 /* ExhibitionArtists.swift */,
				193101FD1ECE812F00434865 /* ExhibitionArtworks.swift */,
				197952C11EB16C37008CD8D0 /* Info.plist */,
			);
			path = assignment2;
			sourceTree = "<group>";
		};
/* End PBXGroup section */

/* Begin PBXNativeTarget section */
		197952B11EB16C37008CD8D0 /* assignment2 */ = {
			isa = PBXNativeTarget;
			buildConfigurationList = 197952C41EB16C37008CD8D0 /* Build configuration list for PBXNativeTarget "assignment2" */;
			buildPhases = (
				197952AE1EB16C37008CD8D0 /* Sources */,
				197952AF1EB16C37008CD8D0 /* Frameworks */,
				197952B01EB16C37008CD8D0 /* Resources */,
			);
			buildRules = (
			);
			dependencies = (
			);
			name = assignment2;
			productName = assignment2;
			productReference = 197952B21EB16C37008CD8D0 /* assignment2.app */;
			productType = "com.apple.product-type.application";
		};
/* End PBXNativeTarget section */

/* Begin PBXProject section */
		197952AA1EB16C37008CD8D0 /* Project object */ = {
			isa = PBXProject;
			attributes = {
				LastSwiftUpdateCheck = 0830;
				LastUpgradeCheck = 0830;
				ORGANIZATIONNAME = Deakin;
				TargetAttributes = {
					197952B11EB16C37008CD8D0 = {
						CreatedOnToolsVersion = 8.3.2;
						DevelopmentTeam = 24SM6522LU;
						ProvisioningStyle = Automatic;
					};
				};
			};
			buildConfigurationList = 197952AD1EB16C37008CD8D0 /* Build configuration list for PBXProject "assignment2" */;
			compatibilityVersion = "Xcode 3.2";
			developmentRegion = English;
			hasScannedForEncodings = 0;
			knownRegions = (
				en,
				Base,
			);
			mainGroup = 197952A91EB16C37008CD8D0;
			productRefGroup = 197952B31EB16C37008CD8D0 /* Products */;
			projectDirPath = "";
			projectRoot = "";
			targets = (
				197952B11EB16C37008CD8D0 /* assignment2 */,
			);
		};
/* End PBXProject section */

/* Begin PBXResourcesBuildPhase section */
		197952B01EB16C37008CD8D0 /* Resources */ = {
			isa = PBXResourcesBuildPhase;
			buildActionMask = 2147483647;
			files = (
				197952C01EB16C37008CD8D0 /* LaunchScreen.storyboard in Resources */,
				197952BD1EB16C37008CD8D0 /* Assets.xcassets in Resources */,
				197952BB1EB16C37008CD8D0 /* Main.storyboard in Resources */,
			);
			runOnlyForDeploymentPostprocessing = 0;
		};
/* End PBXResourcesBuildPhase section */

/* Begin PBXSourcesBuildPhase section */
		197952AE1EB16C37008CD8D0 /* Sources */ = {
			isa = PBXSourcesBuildPhase;
			buildActionMask = 2147483647;
			files = (
				193101FE1ECE812F00434865 /* ExhibitionArtworks.swift in Sources */,
				193101F61ECE7C8500434865 /* savedExhibitionsTVC.swift in Sources */,
				197952B81EB16C37008CD8D0 /* ViewController.swift in Sources */,
				197952B61EB16C37008CD8D0 /* AppDelegate.swift in Sources */,
				193101FC1ECE810000434865 /* ExhibitionArtists.swift in Sources */,
				193101F41ECDCD3900434865 /* Exhibition.swift in Sources */,
				193102021ED0513E00434865 /* artworksTVC.swift in Sources */,
				193101F01ECDB88100434865 /* Utils.swift in Sources */,
				193102001ECF58F100434865 /* ViewExhibitionVC.swift in Sources */,
				193101C21ECD38E900434865 /* AddNewArtworkVC.swift in Sources */,
				193101F81ECE809900434865 /* Artist.swift in Sources */,
				193101FA1ECE80D800434865 /* Artwork.swift in Sources */,
				193101C01ECD2FA700434865 /* NewExbVC.swift in Sources */,
				193101C41ECD392200434865 /* AddNewArtistProfileVC.swift in Sources */,
				193101CB1ECD4EB500434865 /* Exhibitions.xcdatamodeld in Sources */,
				193101C61ECD398D00434865 /* ConfigureGallerySpaceVC.swift in Sources */,
			);
			runOnlyForDeploymentPostprocessing = 0;
		};
/* End PBXSourcesBuildPhase section */

/* Begin PBXVariantGroup section */
		197952B91EB16C37008CD8D0 /* Main.storyboard */ = {
			isa = PBXVariantGroup;
			children = (
				197952BA1EB16C37008CD8D0 /* Base */,
			);
			name = Main.storyboard;
			sourceTree = "<group>";
		};
		197952BE1EB16C37008CD8D0 /* LaunchScreen.storyboard */ = {
			isa = PBXVariantGroup;
			children = (
				197952BF1EB16C37008CD8D0 /* Base */,
			);
			name = LaunchScreen.storyboard;
			sourceTree = "<group>";
		};
/* End PBXVariantGroup section */

/* Begin XCBuildConfiguration section */
		197952C21EB16C37008CD8D0 /* Debug */ = {
			isa = XCBuildConfiguration;
			buildSettings = {
				ALWAYS_SEARCH_USER_PATHS = NO;
				CLANG_ANALYZER_NONNULL = YES;
				CLANG_ANALYZER_NUMBER_OBJECT_CONVERSION = YES_AGGRESSIVE;
				CLANG_CXX_LANGUAGE_STANDARD = "gnu++0x";
				CLANG_CXX_LIBRARY = "libc++";
				CLANG_ENABLE_MODULES = YES;
				CLANG_ENABLE_OBJC_ARC = YES;
				CLANG_WARN_BOOL_CONVERSION = YES;
				CLANG_WARN_CONSTANT_CONVERSION = YES;
				CLANG_WARN_DIRECT_OBJC_ISA_USAGE = YES_ERROR;
				CLANG_WARN_DOCUMENTATION_COMMENTS = YES;
				CLANG_WARN_EMPTY_BODY = YES;
				CLANG_WARN_ENUM_CONVERSION = YES;
				CLANG_WARN_INFINITE_RECURSION = YES;
				CLANG_WARN_INT_CONVERSION = YES;
				CLANG_WARN_OBJC_ROOT_CLASS = YES_ERROR;
				CLANG_WARN_SUSPICIOUS_MOVE = YES;
				CLANG_WARN_UNREACHABLE_CODE = YES;
				CLANG_WARN__DUPLICATE_METHOD_MATCH = YES;
				"CODE_SIGN_IDENTITY[sdk=iphoneos*]" = "iPhone Developer";
				COPY_PHASE_STRIP = NO;
				DEBUG_INFORMATION_FORMAT = dwarf;
				ENABLE_STRICT_OBJC_MSGSEND = YES;
				ENABLE_TESTABILITY = YES;
				GCC_C_LANGUAGE_STANDARD = gnu99;
				GCC_DYNAMIC_NO_PIC = NO;
				GCC_NO_COMMON_BLOCKS = YES;
				GCC_OPTIMIZATION_LEVEL = 0;
				GCC_PREPROCESSOR_DEFINITIONS = (
					"DEBUG=1",
					"$(inherited)",
				);
				GCC_WARN_64_TO_32_BIT_CONVERSION = YES;
				GCC_WARN_ABOUT_RETURN_TYPE = YES_ERROR;
				GCC_WARN_UNDECLARED_SELECTOR = YES;
				GCC_WARN_UNINITIALIZED_AUTOS = YES_AGGRESSIVE;
				GCC_WARN_UNUSED_FUNCTION = YES;
				GCC_WARN_UNUSED_VARIABLE = YES;
				IPHONEOS_DEPLOYMENT_TARGET = 10.3;
				MTL_ENABLE_DEBUG_INFO = YES;
				ONLY_ACTIVE_ARCH = YES;
				SDKROOT = iphoneos;
				SWIFT_ACTIVE_COMPILATION_CONDITIONS = DEBUG;
				SWIFT_OPTIMIZATION_LEVEL = "-Onone";
			};
			name = Debug;
		};
		197952C31EB16C37008CD8D0 /* Release */ = {
			isa = XCBuildConfiguration;
			buildSettings = {
				ALWAYS_SEARCH_USER_PATHS = NO;
				CLANG_ANALYZER_NONNULL = YES;
				CLANG_ANALYZER_NUMBER_OBJECT_CONVERSION = YES_AGGRESSIVE;
				CLANG_CXX_LANGUAGE_STANDARD = "gnu++0x";
				CLANG_CXX_LIBRARY = "libc++";
				CLANG_ENABLE_MODULES = YES;
				CLANG_ENABLE_OBJC_ARC = YES;
				CLANG_WARN_BOOL_CONVERSION = YES;
				CLANG_WARN_CONSTANT_CONVERSION = YES;
				CLANG_WARN_DIRECT_OBJC_ISA_USAGE = YES_ERROR;
				CLANG_WARN_DOCUMENTATION_COMMENTS = YES;
				CLANG_WARN_EMPTY_BODY = YES;
				CLANG_WARN_ENUM_CONVERSION = YES;
				CLANG_WARN_INFINITE_RECURSION = YES;
				CLANG_WARN_INT_CONVERSION = YES;
				CLANG_WARN_OBJC_ROOT_CLASS = YES_ERROR;
				CLANG_WARN_SUSPICIOUS_MOVE = YES;
				CLANG_WARN_UNREACHABLE_CODE = YES;
				CLANG_WARN__DUPLICATE_METHOD_MATCH = YES;
				"CODE_SIGN_IDENTITY[sdk=iphoneos*]" = "iPhone Developer";
				COPY_PHASE_STRIP = NO;
				DEBUG_INFORMATION_FORMAT = "dwarf-with-dsym";
				ENABLE_NS_ASSERTIONS = NO;
				ENABLE_STRICT_OBJC_MSGSEND = YES;
				GCC_C_LANGUAGE_STANDARD = gnu99;
				GCC_NO_COMMON_BLOCKS = YES;
				GCC_WARN_64_TO_32_BIT_CONVERSION = YES;
				GCC_WARN_ABOUT_RETURN_TYPE = YES_ERROR;
				GCC_WARN_UNDECLARED_SELECTOR = YES;
				GCC_WARN_UNINITIALIZED_AUTOS = YES_AGGRESSIVE;
				GCC_WARN_UNUSED_FUNCTION = YES;
				GCC_WARN_UNUSED_VARIABLE = YES;
				IPHONEOS_DEPLOYMENT_TARGET = 10.3;
				MTL_ENABLE_DEBUG_INFO = NO;
				SDKROOT = iphoneos;
				SWIFT_OPTIMIZATION_LEVEL = "-Owholemodule";
				VALIDATE_PRODUCT = YES;
			};
			name = Release;
		};
		197952C51EB16C37008CD8D0 /* Debug */ = {
			isa = XCBuildConfiguration;
			buildSettings = {
				ASSETCATALOG_COMPILER_APPICON_NAME = AppIcon;
				DEVELOPMENT_TEAM = 24SM6522LU;
				INFOPLIST_FILE = assignment2/Info.plist;
				LD_RUNPATH_SEARCH_PATHS = "$(inherited) @executable_path/Frameworks";
				PRODUCT_BUNDLE_IDENTIFIER = Deakin.assignment2;
				PRODUCT_NAME = "$(TARGET_NAME)";
				SWIFT_VERSION = 3.0;
			};
			name = Debug;
		};
		197952C61EB16C37008CD8D0 /* Release */ = {
			isa = XCBuildConfiguration;
			buildSettings = {
				ASSETCATALOG_COMPILER_APPICON_NAME = AppIcon;
				DEVELOPMENT_TEAM = 24SM6522LU;
				INFOPLIST_FILE = assignment2/Info.plist;
				LD_RUNPATH_SEARCH_PATHS = "$(inherited) @executable_path/Frameworks";
				PRODUCT_BUNDLE_IDENTIFIER = Deakin.assignment2;
				PRODUCT_NAME = "$(TARGET_NAME)";
				SWIFT_VERSION = 3.0;
			};
			name = Release;
		};
/* End XCBuildConfiguration section */

/* Begin XCConfigurationList section */
		197952AD1EB16C37008CD8D0 /* Build configuration list for PBXProject "assignment2" */ = {
			isa = XCConfigurationList;
			buildConfigurations = (
				197952C21EB16C37008CD8D0 /* Debug */,
				197952C31EB16C37008CD8D0 /* Release */,
			);
			defaultConfigurationIsVisible = 0;
			defaultConfigurationName = Release;
		};
		197952C41EB16C37008CD8D0 /* Build configuration list for PBXNativeTarget "assignment2" */ = {
			isa = XCConfigurationList;
			buildConfigurations = (
				197952C51EB16C37008CD8D0 /* Debug */,
				197952C61EB16C37008CD8D0 /* Release */,
			);
			defaultConfigurationIsVisible = 0;
			defaultConfigurationName = Release;
		};
/* End XCConfigurationList section */

/* Begin XCVersionGroup section */
		193101C91ECD4EB500434865 /* Exhibitions.xcdatamodeld */ = {
			isa = XCVersionGroup;
			children = (
				193101CA1ECD4EB500434865 /* Exhibitions.xcdatamodel */,
			);
			currentVersion = 193101CA1ECD4EB500434865 /* Exhibitions.xcdatamodel */;
			path = Exhibitions.xcdatamodeld;
			sourceTree = "<group>";
			versionGroupType = wrapper.xcdatamodel;
		};
/* End XCVersionGroup section */
	};
	rootObject = 197952AA1EB16C37008CD8D0 /* Project object */;
}
